
Microsoft Visual Studio Solution File, Format Version 12.00
# Visual Studio Version 16
VisualStudioVersion = 16.0.30406.217
MinimumVisualStudioVersion = 10.0.40219.1
Project("{FAE04EC0-301F-11D3-BF4B-00C04F79EFBC}") = "baborant", "baborant.csproj", "{5F054F5A-E753-46C2-8EA9-B67B11E16333}"
EndProject
Global
	GlobalSection(SolutionConfigurationPlatforms) = preSolution
		Debug|Any CPU = Debug|Any CPU
		Release|Any CPU = Release|Any CPU
	EndGlobalSection
	GlobalSection(ProjectConfigurationPlatforms) = postSolution
		{5F054F5A-E753-46C2-8EA9-B67B11E16333}.Debug|Any CPU.ActiveCfg = Debug|Any CPU
		{5F054F5A-E753-46C2-8EA9-B67B11E16333}.Debug|Any CPU.Build.0 = Debug|Any CPU
		{5F054F5A-E753-46C2-8EA9-B67B11E16333}.Release|Any CPU.ActiveCfg = Release|Any CPU
		{5F054F5A-E753-46C2-8EA9-B67B11E16333}.Release|Any CPU.Build.0 = Release|Any CPU
	EndGlobalSection
	GlobalSection(SolutionProperties) = preSolution
		HideSolutionNode = FALSE
	EndGlobalSection
	GlobalSection(ExtensibilityGlobals) = postSolution
		SolutionGuid = {C5795624-0833-4389-8C6D-5A642E72A57A}
	EndGlobalSection
EndGlobal
